
Microsoft Visual Studio Solution File, Format Version 12.00
# Visual Studio Version 17
VisualStudioVersion = 17.3.32819.101
MinimumVisualStudioVersion = 10.0.40219.1
Project("{FAE04EC0-301F-11D3-BF4B-00C04F79EFBC}") = "MaycoTest", "MaycoTest\MaycoTest.csproj", "{539C0537-E711-44DF-8304-5A5CC95F4F24}"
EndProject
Global
	GlobalSection(SolutionConfigurationPlatforms) = preSolution
		Debug|Any CPU = Debug|Any CPU
		Release|Any CPU = Release|Any CPU
	EndGlobalSection
	GlobalSection(ProjectConfigurationPlatforms) = postSolution
		{539C0537-E711-44DF-8304-5A5CC95F4F24}.Debug|Any CPU.ActiveCfg = Debug|Any CPU
		{539C0537-E711-44DF-8304-5A5CC95F4F24}.Debug|Any CPU.Build.0 = Debug|Any CPU
		{539C0537-E711-44DF-8304-5A5CC95F4F24}.Release|Any CPU.ActiveCfg = Release|Any CPU
		{539C0537-E711-44DF-8304-5A5CC95F4F24}.Release|Any CPU.Build.0 = Release|Any CPU
	EndGlobalSection
	GlobalSection(SolutionProperties) = preSolution
		HideSolutionNode = FALSE
	EndGlobalSection
	GlobalSection(ExtensibilityGlobals) = postSolution
		SolutionGuid = {29F4C9E1-8944-4137-B334-D4882C04CE46}
	EndGlobalSection
EndGlobal
